lockfileVersion: '9.0'

settings:
  autoInstallPeers: true
  excludeLinksFromLockfile: false

importers:

  .:
    dependencies:
      lucide:
        specifier: 0.468.0
        version: 0.468.0
      three:
        specifier: 0.180.0
        version: 0.180.0
    devDependencies:
      '@playwright/test':
        specifier: 1.55.1
        version: 1.55.1
      yaml:
        specifier: 2.8.1
        version: 2.8.1

packages:

  '@playwright/test@1.55.1':
    resolution: {integrity: sha512-IVAh/nOJaw6W9g+RJVlIQJ6gSiER+ae6mKQ5CX1bERzQgbC1VSeBlwdvczT7pxb0GWiyrxH4TGKbMfDb4Sq/ig==}
    engines: {node: '>=18'}
    hasBin: true

  fsevents@2.3.2:
    resolution: {integrity: sha512-xiqMQR4xAeHTuB9uWm+fFRcIOgKBMiOBP+eXiyT7jsgVCq1bkVygt00oASowB7EdtpOHaaPgKt812P9ab+DDKA==}
    engines: {node: ^8.16.0 || ^10.6.0 || >=11.0.0}
    os: [darwin]

  lucide@0.468.0:
    resolution: {integrity: sha512-UFbgwji/ZnAV7iTTE4jujyTV7J95AILKyATDUrqOJrMcUGfXvGjw3c1mcuHZUX2oJfkrAGU9KoxkrLQk2jjtiA==}

  playwright-core@1.55.1:
    resolution: {integrity: sha512-Z6Mh9mkwX+zxSlHqdr5AOcJnfp+xUWLCt9uKV18fhzA8eyxUd8NUWzAjxUh55RZKSYwDGX0cfaySdhZJGMoJ+w==}
    engines: {node: '>=18'}
    hasBin: true

  playwright@1.55.1:
    resolution: {integrity: sha512-cJW4Xd/G3v5ovXtJJ52MAOclqeac9S/aGGgRzLabuF8TnIb6xHvMzKIa6JmrRzUkeXJgfL1MhukP0NK6l39h3A==}
    engines: {node: '>=18'}
    hasBin: true

  three@0.180.0:
    resolution: {integrity: sha512-o+qycAMZrh+TsE01GqWUxUIKR1AL0S8pq7zDkYOQw8GqfX8b8VoCKYUoHbhiX5j+7hr8XsuHDVU6+gkQJQKg9w==}

  yaml@2.8.1:
    resolution: {integrity: sha512-lcYcMxX2PO9XMGvAJkJ3OsNMw+/7FKes7/hgerGUYWIoWu5j/+YQqcZr5JnPZWzOsEBgMbSbiSTn/dv/69Mkpw==}
    engines: {node: '>= 14.6'}
    hasBin: true

snapshots:

  '@playwright/test@1.55.1':
    dependencies:
      playwright: 1.55.1

  fsevents@2.3.2:
    optional: true

  lucide@0.468.0: {}

  playwright-core@1.55.1: {}

  playwright@1.55.1:
    dependencies:
      playwright-core: 1.55.1
    optionalDependencies:
      fsevents: 2.3.2

  three@0.180.0: {}

  yaml@2.8.1: {}
